
Microsoft Visual Studio Solution File, Format Version 12.00
# Visual Studio Version 17
VisualStudioVersion = 17.12.35527.113
MinimumVisualStudioVersion = 10.0.40219.1
Project("{FAE04EC0-301F-11D3-BF4B-00C04F79EFBC}") = "AzureBlobStorageAPI", "AzureBlobStorageAPI\AzureBlobStorageAPI.csproj", "{18EF2B47-5CCB-4DC9-B195-9C2260DA8371}"
EndProject
Project("{FAE04EC0-301F-11D3-BF4B-00C04F79EFBC}") = "AzureCosmosDbConnect", "AzureCosmosDbConnect\AzureCosmosDbConnect.csproj", "{1C2B667F-6703-41BB-AFC0-18DE8DE90061}"
EndProject
Project("{FAE04EC0-301F-11D3-BF4B-00C04F79EFBC}") = "AzureCacheForRedisConnect", "AzureCacheForRedisConnect\AzureCacheForRedisConnect.csproj", "{A6B88C29-025E-4010-A140-09FE6122525D}"
EndProject
Global
	GlobalSection(SolutionConfigurationPlatforms) = preSolution
		Debug|Any CPU = Debug|Any CPU
		Release|Any CPU = Release|Any CPU
	EndGlobalSection
	GlobalSection(ProjectConfigurationPlatforms) = postSolution
		{18EF2B47-5CCB-4DC9-B195-9C2260DA8371}.Debug|Any CPU.ActiveCfg = Debug|Any CPU
		{18EF2B47-5CCB-4DC9-B195-9C2260DA8371}.Debug|Any CPU.Build.0 = Debug|Any CPU
		{18EF2B47-5CCB-4DC9-B195-9C2260DA8371}.Release|Any CPU.ActiveCfg = Release|Any CPU
		{18EF2B47-5CCB-4DC9-B195-9C2260DA8371}.Release|Any CPU.Build.0 = Release|Any CPU
		{1C2B667F-6703-41BB-AFC0-18DE8DE90061}.Debug|Any CPU.ActiveCfg = Debug|Any CPU
		{1C2B667F-6703-41BB-AFC0-18DE8DE90061}.Debug|Any CPU.Build.0 = Debug|Any CPU
		{1C2B667F-6703-41BB-AFC0-18DE8DE90061}.Release|Any CPU.ActiveCfg = Release|Any CPU
		{1C2B667F-6703-41BB-AFC0-18DE8DE90061}.Release|Any CPU.Build.0 = Release|Any CPU
		{A6B88C29-025E-4010-A140-09FE6122525D}.Debug|Any CPU.ActiveCfg = Debug|Any CPU
		{A6B88C29-025E-4010-A140-09FE6122525D}.Debug|Any CPU.Build.0 = Debug|Any CPU
		{A6B88C29-025E-4010-A140-09FE6122525D}.Release|Any CPU.ActiveCfg = Release|Any CPU
		{A6B88C29-025E-4010-A140-09FE6122525D}.Release|Any CPU.Build.0 = Release|Any CPU
	EndGlobalSection
	GlobalSection(SolutionProperties) = preSolution
		HideSolutionNode = FALSE
	EndGlobalSection
EndGlobal
